
Microsoft Visual Studio Solution File, Format Version 12.00
# Visual Studio Version 17
VisualStudioVersion = 17.9.34714.143
MinimumVisualStudioVersion = 10.0.40219.1
Project("{FAE04EC0-301F-11D3-BF4B-00C04F79EFBC}") = "TriangleAPI", "TriangleAPI\TriangleAPI.csproj", "{8680F700-872A-41BB-988C-06CD3E154896}"
EndProject
Global
	GlobalSection(SolutionConfigurationPlatforms) = preSolution
		Debug|Any CPU = Debug|Any CPU
		Release|Any CPU = Release|Any CPU
	EndGlobalSection
	GlobalSection(ProjectConfigurationPlatforms) = postSolution
		{8680F700-872A-41BB-988C-06CD3E154896}.Debug|Any CPU.ActiveCfg = Debug|Any CPU
		{8680F700-872A-41BB-988C-06CD3E154896}.Debug|Any CPU.Build.0 = Debug|Any CPU
		{8680F700-872A-41BB-988C-06CD3E154896}.Release|Any CPU.ActiveCfg = Release|Any CPU
		{8680F700-872A-41BB-988C-06CD3E154896}.Release|Any CPU.Build.0 = Release|Any CPU
	EndGlobalSection
	GlobalSection(SolutionProperties) = preSolution
		HideSolutionNode = FALSE
	EndGlobalSection
	GlobalSection(ExtensibilityGlobals) = postSolution
		SolutionGuid = {EEE31E71-0D6D-489C-BF78-1A0DD9B51873}
	EndGlobalSection
EndGlobal
